{
  "version": 4,
  "terraform_version": "1.10.0",
  "serial": 51,
  "lineage": "eb7bc489-bfde-b0ba-0d05-1853a73e15a8",
  "outputs": {},
  "resources": [
    {
      "mode": "managed",
      "type": "google_compute_firewall",
      "name": "allow_http_ssh",
      "provider": "provider[\"registry.terraform.io/hashicorp/google\"]",
      "instances": [
        {
          "schema_version": 1,
          "attributes": {
            "allow": [
              {
                "ports": [
                  "22",
                  "80"
                ],
                "protocol": "tcp"
              }
            ],
            "creation_timestamp": "2024-12-09T00:09:07.206-08:00",
            "deny": [],
            "description": "",
            "destination_ranges": [],
            "direction": "INGRESS",
            "disabled": false,
            "enable_logging": null,
            "id": "projects/rational-iris-436104-f3/global/firewalls/allow-http-ssh",
            "log_config": [],
            "name": "allow-http-ssh",
            "network": "https://www.googleapis.com/compute/v1/projects/rational-iris-436104-f3/global/networks/terraform-network",
            "priority": 1000,
            "project": "rational-iris-436104-f3",
            "self_link": "https://www.googleapis.com/compute/v1/projects/rational-iris-436104-f3/global/firewalls/allow-http-ssh",
            "source_ranges": [
              "0.0.0.0/0"
            ],
            "source_service_accounts": null,
            "source_tags": null,
            "target_service_accounts": null,
            "target_tags": null,
            "timeouts": null
          },
          "sensitive_attributes": [],
          "private": "eyJlMmJmYjczMC1lY2FhLTExZTYtOGY4OC0zNDM2M2JjN2M0YzAiOnsiY3JlYXRlIjoxMjAwMDAwMDAwMDAwLCJkZWxldGUiOjEyMDAwMDAwMDAwMDAsInVwZGF0ZSI6MTIwMDAwMDAwMDAwMH0sInNjaGVtYV92ZXJzaW9uIjoiMSJ9",
          "dependencies": [
            "google_compute_network.vpc_network"
          ]
        }
      ]
    },
    {
      "mode": "managed",
      "type": "google_compute_instance",
      "name": "vm_instance",
      "provider": "provider[\"registry.terraform.io/hashicorp/google\"]",
      "instances": [
        {
          "schema_version": 6,
          "attributes": {
            "advanced_machine_features": [],
            "allow_stopping_for_update": null,
            "attached_disk": [],
            "boot_disk": [
              {
                "auto_delete": true,
                "device_name": "persistent-disk-0",
                "disk_encryption_key_raw": "",
                "disk_encryption_key_sha256": "",
                "initialize_params": [
                  {
                    "enable_confidential_compute": false,
                    "image": "https://www.googleapis.com/compute/v1/projects/debian-cloud/global/images/debian-11-bullseye-v20241112",
                    "labels": {},
                    "provisioned_iops": 0,
                    "provisioned_throughput": 0,
                    "resource_manager_tags": null,
                    "resource_policies": [],
                    "size": 10,
                    "storage_pool": "",
                    "type": "pd-standard"
                  }
                ],
                "interface": "",
                "kms_key_self_link": "",
                "mode": "READ_WRITE",
                "source": "https://www.googleapis.com/compute/v1/projects/rational-iris-436104-f3/zones/us-central1-c/disks/terraform-testing"
              }
            ],
            "can_ip_forward": false,
            "confidential_instance_config": [],
            "cpu_platform": "Intel Broadwell",
            "current_status": "RUNNING",
            "deletion_protection": false,
            "description": "",
            "desired_status": null,
            "effective_labels": {
              "goog-terraform-provisioned": "true"
            },
            "enable_display": false,
            "guest_accelerator": [],
            "hostname": "",
            "id": "projects/rational-iris-436104-f3/zones/us-central1-c/instances/terraform-testing",
            "instance_id": "4498327674099014474",
            "label_fingerprint": "vezUS-42LLM=",
            "labels": null,
            "machine_type": "e2-medium",
            "metadata": {
              "startup-script": "#!/bin/bash\r\nsudo apt update -y\r\nsudo apt install -y docker.io\r\nsudo systemctl start docker\r\nsudo docker run -d -p 80:80 nginx\r\n"
            },
            "metadata_fingerprint": "VCv383yTngk=",
            "metadata_startup_script": null,
            "min_cpu_platform": "",
            "name": "terraform-testing",
            "network_interface": [
              {
                "access_config": [
                  {
                    "nat_ip": "34.56.235.32",
                    "network_tier": "PREMIUM",
                    "public_ptr_domain_name": ""
                  }
                ],
                "alias_ip_range": [],
                "internal_ipv6_prefix_length": 0,
                "ipv6_access_config": [],
                "ipv6_access_type": "",
                "ipv6_address": "",
                "name": "nic0",
                "network": "https://www.googleapis.com/compute/v1/projects/rational-iris-436104-f3/global/networks/terraform-network",
                "network_ip": "10.128.0.2",
                "nic_type": "",
                "queue_count": 0,
                "stack_type": "IPV4_ONLY",
                "subnetwork": "https://www.googleapis.com/compute/v1/projects/rational-iris-436104-f3/regions/us-central1/subnetworks/terraform-network",
                "subnetwork_project": "rational-iris-436104-f3"
              }
            ],
            "network_performance_config": [],
            "params": [],
            "project": "rational-iris-436104-f3",
            "reservation_affinity": [],
            "resource_policies": null,
            "scheduling": [
              {
                "automatic_restart": true,
                "instance_termination_action": "",
                "local_ssd_recovery_timeout": [],
                "max_run_duration": [],
                "min_node_cpus": 0,
                "node_affinities": [],
                "on_host_maintenance": "MIGRATE",
                "on_instance_stop_action": [],
                "preemptible": false,
                "provisioning_model": "STANDARD"
              }
            ],
            "scratch_disk": [],
            "self_link": "https://www.googleapis.com/compute/v1/projects/rational-iris-436104-f3/zones/us-central1-c/instances/terraform-testing",
            "service_account": [],
            "shielded_instance_config": [
              {
                "enable_integrity_monitoring": true,
                "enable_secure_boot": false,
                "enable_vtpm": true
              }
            ],
            "tags": [
              "dev",
              "web"
            ],
            "tags_fingerprint": "XaeQnaHMn9Y=",
            "terraform_labels": {
              "goog-terraform-provisioned": "true"
            },
            "timeouts": null,
            "zone": "us-central1-c"
          },
          "sensitive_attributes": [
            [
              {
                "type": "get_attr",
                "value": "boot_disk"
              },
              {
                "type": "index",
                "value": {
                  "value": 0,
                  "type": "number"
                }
              },
              {
                "type": "get_attr",
                "value": "disk_encryption_key_raw"
              }
            ]
          ],
          "private": "eyJlMmJmYjczMC1lY2FhLTExZTYtOGY4OC0zNDM2M2JjN2M0YzAiOnsiY3JlYXRlIjoxMjAwMDAwMDAwMDAwLCJkZWxldGUiOjEyMDAwMDAwMDAwMDAsInVwZGF0ZSI6MTIwMDAwMDAwMDAwMH0sInNjaGVtYV92ZXJzaW9uIjoiNiJ9",
          "dependencies": [
            "google_compute_network.vpc_network"
          ]
        }
      ]
    },
    {
      "mode": "managed",
      "type": "google_compute_network",
      "name": "vpc_network",
      "provider": "provider[\"registry.terraform.io/hashicorp/google\"]",
      "instances": [
        {
          "schema_version": 0,
          "attributes": {
            "auto_create_subnetworks": true,
            "delete_default_routes_on_create": false,
            "description": "",
            "enable_ula_internal_ipv6": false,
            "gateway_ipv4": "",
            "id": "projects/rational-iris-436104-f3/global/networks/terraform-network",
            "internal_ipv6_range": "",
            "mtu": 0,
            "name": "terraform-network",
            "network_firewall_policy_enforcement_order": "AFTER_CLASSIC_FIREWALL",
            "numeric_id": "3170616393707756419",
            "project": "rational-iris-436104-f3",
            "routing_mode": "REGIONAL",
            "self_link": "https://www.googleapis.com/compute/v1/projects/rational-iris-436104-f3/global/networks/terraform-network",
            "timeouts": null
          },
          "sensitive_attributes": [],
          "private": "eyJlMmJmYjczMC1lY2FhLTExZTYtOGY4OC0zNDM2M2JjN2M0YzAiOnsiY3JlYXRlIjoxMjAwMDAwMDAwMDAwLCJkZWxldGUiOjEyMDAwMDAwMDAwMDAsInVwZGF0ZSI6MTIwMDAwMDAwMDAwMH19"
        }
      ]
    }
  ],
  "check_results": null
}
